
Microsoft Visual Studio Solution File, Format Version 12.00
# Visual Studio Version 16
VisualStudioVersion = 16.0.30309.148
MinimumVisualStudioVersion = 10.0.40219.1
Project("{FAE04EC0-301F-11D3-BF4B-00C04F79EFBC}") = "part 1 basics", "part 1 basics\part 1 basics.csproj", "{409CE1E4-695F-4417-BFEB-2549B2F4E481}"
EndProject
Global
	GlobalSection(SolutionConfigurationPlatforms) = preSolution
		Debug|Any CPU = Debug|Any CPU
		Release|Any CPU = Release|Any CPU
	EndGlobalSection
	GlobalSection(ProjectConfigurationPlatforms) = postSolution
		{409CE1E4-695F-4417-BFEB-2549B2F4E481}.Debug|Any CPU.ActiveCfg = Debug|Any CPU
		{409CE1E4-695F-4417-BFEB-2549B2F4E481}.Debug|Any CPU.Build.0 = Debug|Any CPU
		{409CE1E4-695F-4417-BFEB-2549B2F4E481}.Release|Any CPU.ActiveCfg = Release|Any CPU
		{409CE1E4-695F-4417-BFEB-2549B2F4E481}.Release|Any CPU.Build.0 = Release|Any CPU
	EndGlobalSection
	GlobalSection(SolutionProperties) = preSolution
		HideSolutionNode = FALSE
	EndGlobalSection
	GlobalSection(ExtensibilityGlobals) = postSolution
		SolutionGuid = {FC0EB454-503C-4CB5-9D5A-791F0349105F}
	EndGlobalSection
EndGlobal
